
Microsoft Visual Studio Solution File, Format Version 12.00
# Visual Studio Version 17
VisualStudioVersion = 17.14.36414.22 d17.14
MinimumVisualStudioVersion = 10.0.40219.1
Project("{FAE04EC0-301F-11D3-BF4B-00C04F79EFBC}") = "HospitalManagement", "HospitalManagement\HospitalManagement.csproj", "{B8B8F2E8-AC43-483B-9CF5-ABE58391A804}"
EndProject
Global
	GlobalSection(SolutionConfigurationPlatforms) = preSolution
		Debug|Any CPU = Debug|Any CPU
		Release|Any CPU = Release|Any CPU
	EndGlobalSection
	GlobalSection(ProjectConfigurationPlatforms) = postSolution
		{B8B8F2E8-AC43-483B-9CF5-ABE58391A804}.Debug|Any CPU.ActiveCfg = Debug|Any CPU
		{B8B8F2E8-AC43-483B-9CF5-ABE58391A804}.Debug|Any CPU.Build.0 = Debug|Any CPU
		{B8B8F2E8-AC43-483B-9CF5-ABE58391A804}.Release|Any CPU.ActiveCfg = Release|Any CPU
		{B8B8F2E8-AC43-483B-9CF5-ABE58391A804}.Release|Any CPU.Build.0 = Release|Any CPU
	EndGlobalSection
	GlobalSection(SolutionProperties) = preSolution
		HideSolutionNode = FALSE
	EndGlobalSection
	GlobalSection(ExtensibilityGlobals) = postSolution
		SolutionGuid = {2ABB9647-6588-4EE8-A00F-E5FB35988AD7}
	EndGlobalSection
EndGlobal
